# This file is automatically @generated by Cargo.
# It is not intended for manual editing.
version = 4

[[package]]
name = "corelib"
version = "0.1.0"

[[package]]
name = "modules"
version = "0.1.0"
dependencies = [
 "corelib",
 "phf",
]

[[package]]
name = "moonlight"
version = "0.1.0"
dependencies = [
 "corelib",
 "modules",
 "net",
 "phf",
 "proto",
 "repl",
]

[[package]]
name = "net"
version = "0.1.0"
dependencies = [
 "corelib",
]

[[package]]
name = "phf"
version = "0.1.0"

[[package]]
name = "proto"
version = "0.1.0"
dependencies = [
 "corelib",
]

[[package]]
name = "repl"
version = "0.1.0"
dependencies = [
 "corelib",
 "modules",
]
