# This file is automatically @generated by Cargo.
# It is not intended for manual editing.
version = 4

[[package]]
name = "corelib"
version = "0.1.0"

[[package]]
name = "libc"
version = "0.2.180"
source = "registry+https://github.com/rust-lang/crates.io-index"
checksum = "bcc35a38544a891a5f7c865aca548a982ccb3b8650a5b06d0fd33a10283c56fc"

[[package]]
name = "md5"
version = "0.1.0"

[[package]]
name = "modules"
version = "0.1.0"
dependencies = [
 "corelib",
 "md5",
 "phf",
 "sha1",
 "sha256",
 "sha384",
 "sha512",
]

[[package]]
name = "moonlight"
version = "0.1.0"
dependencies = [
 "corelib",
 "modules",
 "net",
 "phf",
 "proto",
 "repl",
]

[[package]]
name = "net"
version = "0.1.0"
dependencies = [
 "corelib",
]

[[package]]
name = "phf"
version = "0.1.0"

[[package]]
name = "proto"
version = "0.1.0"
dependencies = [
 "corelib",
]

[[package]]
name = "repl"
version = "0.1.0"
dependencies = [
 "corelib",
 "libc",
 "modules",
]

[[package]]
name = "sha1"
version = "0.1.0"

[[package]]
name = "sha256"
version = "0.1.0"

[[package]]
name = "sha384"
version = "0.1.0"

[[package]]
name = "sha512"
version = "0.1.0"
